{
  "name": "online-air-hockey",
  "version": "0.1.0",
  "lockfileVersion": 3,
  "requires": true,
  "packages": {
    "": {
      "name": "online-air-hockey",
      "version": "0.1.0",
      "dependencies": {
        "matter-js": "^0.20.0",
        "sat": "^0.9.0"
      }
    },
    "node_modules/matter-js": {
      "version": "0.20.0",
      "resolved": "https://registry.npmjs.org/matter-js/-/matter-js-0.20.0.tgz",
      "integrity": "sha512-iC9fYR7zVT3HppNnsFsp9XOoQdQN2tUyfaKg4CHLH8bN+j6GT4Gw7IH2rP0tflAebrHFw730RR3DkVSZRX8hwA=="
    },
    "node_modules/sat": {
      "version": "0.9.0",
      "resolved": "https://registry.npmjs.org/sat/-/sat-0.9.0.tgz",
      "integrity": "sha512-mxdv5RZJO4tdMnUURGU3gAMcnDUEwcNJwE+lPO0/V+rBeDvFLH3wEZEOR0fH7cTN0zQaNxBEbHnyQL9DzupwQQ=="
    }
  }
}
